
Microsoft Visual Studio Solution File, Format Version 12.00
Project("{FAE04EC0-301F-11D3-BF4B-00C04F79EFBC}") = "ClientDiscord", "ClientDiscord\ClientDiscord.csproj", "{ECE6913A-20A8-4A4C-8A25-B3EB72C0BD60}"
EndProject
Global
	GlobalSection(SolutionConfigurationPlatforms) = preSolution
		Debug|Any CPU = Debug|Any CPU
		Release|Any CPU = Release|Any CPU
	EndGlobalSection
	GlobalSection(ProjectConfigurationPlatforms) = postSolution
		{ECE6913A-20A8-4A4C-8A25-B3EB72C0BD60}.Debug|Any CPU.ActiveCfg = Debug|Any CPU
		{ECE6913A-20A8-4A4C-8A25-B3EB72C0BD60}.Debug|Any CPU.Build.0 = Debug|Any CPU
		{ECE6913A-20A8-4A4C-8A25-B3EB72C0BD60}.Release|Any CPU.ActiveCfg = Release|Any CPU
		{ECE6913A-20A8-4A4C-8A25-B3EB72C0BD60}.Release|Any CPU.Build.0 = Release|Any CPU
	EndGlobalSection
EndGlobal
